
Microsoft Visual Studio Solution File, Format Version 12.00
# Visual Studio 15
VisualStudioVersion = 15.0.27130.2036
MinimumVisualStudioVersion = 10.0.40219.1
Project("{FAE04EC0-301F-11D3-BF4B-00C04F79EFBC}") = "MultiDimOpt", "MultiDimOpt\MultiDimOpt.csproj", "{761B1CA9-8F17-47EB-BA05-42BFAC6A78E8}"
EndProject
Global
	GlobalSection(SolutionConfigurationPlatforms) = preSolution
		Debug|Any CPU = Debug|Any CPU
		Release|Any CPU = Release|Any CPU
	EndGlobalSection
	GlobalSection(ProjectConfigurationPlatforms) = postSolution
		{761B1CA9-8F17-47EB-BA05-42BFAC6A78E8}.Debug|Any CPU.ActiveCfg = Debug|Any CPU
		{761B1CA9-8F17-47EB-BA05-42BFAC6A78E8}.Debug|Any CPU.Build.0 = Debug|Any CPU
		{761B1CA9-8F17-47EB-BA05-42BFAC6A78E8}.Release|Any CPU.ActiveCfg = Release|Any CPU
		{761B1CA9-8F17-47EB-BA05-42BFAC6A78E8}.Release|Any CPU.Build.0 = Release|Any CPU
	EndGlobalSection
	GlobalSection(SolutionProperties) = preSolution
		HideSolutionNode = FALSE
	EndGlobalSection
	GlobalSection(ExtensibilityGlobals) = postSolution
		SolutionGuid = {C461C9B5-D666-4BB2-A588-002294B9EEA3}
	EndGlobalSection
EndGlobal
